
Microsoft Visual Studio Solution File, Format Version 12.00
# Visual Studio 14
VisualStudioVersion = 14.0.25123.0
MinimumVisualStudioVersion = 10.0.40219.1
Project("{FAE04EC0-301F-11D3-BF4B-00C04F79EFBC}") = "Campanula.Droid", "Campanula\Campanula.Droid\Campanula.Droid.csproj", "{7BC1707B-49C4-493F-99AD-64D982142916}"
EndProject
Project("{FAE04EC0-301F-11D3-BF4B-00C04F79EFBC}") = "Campanula.iOS", "Campanula\Campanula.iOS\Campanula.iOS.csproj", "{03D5E491-A780-47B1-B421-739B1EE79CD6}"
EndProject
Project("{FAE04EC0-301F-11D3-BF4B-00C04F79EFBC}") = "Campanula.WinPhone", "Campanula\Campanula.WinPhone\Campanula.WinPhone.csproj", "{4E84FBD2-FB03-494F-9543-FC1CD5ED0011}"
EndProject
Project("{FAE04EC0-301F-11D3-BF4B-00C04F79EFBC}") = "Campanula.UWP", "Campanula\Campanula.UWP\Campanula.UWP.csproj", "{B7C01BD5-A729-486E-8769-0FDD753151D8}"
EndProject
Project("{FAE04EC0-301F-11D3-BF4B-00C04F79EFBC}") = "Campanula.Windows", "Campanula\Campanula.Windows\Campanula.Windows.csproj", "{8135964F-E059-4CA2-84B6-857ADD4D0CB8}"
EndProject
Project("{FAE04EC0-301F-11D3-BF4B-00C04F79EFBC}") = "Campanula", "Campanula\Campanula\Campanula.csproj", "{F425BA76-1DB3-4820-B0BE-4FFF34B6E5E0}"
EndProject
Global
	GlobalSection(SolutionConfigurationPlatforms) = preSolution
		Ad-Hoc|Any CPU = Ad-Hoc|Any CPU
		Ad-Hoc|ARM = Ad-Hoc|ARM
		Ad-Hoc|iPhone = Ad-Hoc|iPhone
		Ad-Hoc|iPhoneSimulator = Ad-Hoc|iPhoneSimulator
		Ad-Hoc|x64 = Ad-Hoc|x64
		Ad-Hoc|x86 = Ad-Hoc|x86
		AppStore|Any CPU = AppStore|Any CPU
		AppStore|ARM = AppStore|ARM
		AppStore|iPhone = AppStore|iPhone
		AppStore|iPhoneSimulator = AppStore|iPhoneSimulator
		AppStore|x64 = AppStore|x64
		AppStore|x86 = AppStore|x86
		Debug|Any CPU = Debug|Any CPU
		Debug|ARM = Debug|ARM
		Debug|iPhone = Debug|iPhone
		Debug|iPhoneSimulator = Debug|iPhoneSimulator
		Debug|x64 = Debug|x64
		Debug|x86 = Debug|x86
		Release|Any CPU = Release|Any CPU
		Release|ARM = Release|ARM
		Release|iPhone = Release|iPhone
		Release|iPhoneSimulator = Release|iPhoneSimulator
		Release|x64 = Release|x64
		Release|x86 = Release|x86
	EndGlobalSection
	GlobalSection(ProjectConfigurationPlatforms) = postSolution
		{7BC1707B-49C4-493F-99AD-64D982142916}.Ad-Hoc|Any CPU.ActiveCfg = Release|Any CPU
		{7BC1707B-49C4-493F-99AD-64D982142916}.Ad-Hoc|Any CPU.Build.0 = Release|Any CPU
		{7BC1707B-49C4-493F-99AD-64D982142916}.Ad-Hoc|Any CPU.Deploy.0 = Release|Any CPU
		{7BC1707B-49C4-493F-99AD-64D982142916}.Ad-Hoc|ARM.ActiveCfg = Release|Any CPU
		{7BC1707B-49C4-493F-99AD-64D982142916}.Ad-Hoc|ARM.Build.0 = Release|Any CPU
		{7BC1707B-49C4-493F-99AD-64D982142916}.Ad-Hoc|ARM.Deploy.0 = Release|Any CPU
		{7BC1707B-49C4-493F-99AD-64D982142916}.Ad-Hoc|iPhone.ActiveCfg = Release|Any CPU
		{7BC1707B-49C4-493F-99AD-64D982142916}.Ad-Hoc|iPhone.Build.0 = Release|Any CPU
		{7BC1707B-49C4-493F-99AD-64D982142916}.Ad-Hoc|iPhone.Deploy.0 = Release|Any CPU
		{7BC1707B-49C4-493F-99AD-64D982142916}.Ad-Hoc|iPhoneSimulator.ActiveCfg = Release|Any CPU
		{7BC1707B-49C4-493F-99AD-64D982142916}.Ad-Hoc|iPhoneSimulator.Build.0 = Release|Any CPU
		{7BC1707B-49C4-493F-99AD-64D982142916}.Ad-Hoc|iPhoneSimulator.Deploy.0 = Release|Any CPU
		{7BC1707B-49C4-493F-99AD-64D982142916}.Ad-Hoc|x64.ActiveCfg = Release|Any CPU
		{7BC1707B-49C4-493F-99AD-64D982142916}.Ad-Hoc|x64.Build.0 = Release|Any CPU
		{7BC1707B-49C4-493F-99AD-64D982142916}.Ad-Hoc|x64.Deploy.0 = Release|Any CPU
		{7BC1707B-49C4-493F-99AD-64D982142916}.Ad-Hoc|x86.ActiveCfg = Release|Any CPU
		{7BC1707B-49C4-493F-99AD-64D982142916}.Ad-Hoc|x86.Build.0 = Release|Any CPU
		{7BC1707B-49C4-493F-99AD-64D982142916}.Ad-Hoc|x86.Deploy.0 = Release|Any CPU
		{7BC1707B-49C4-493F-99AD-64D982142916}.AppStore|Any CPU.ActiveCfg = Release|Any CPU
		{7BC1707B-49C4-493F-99AD-64D982142916}.AppStore|Any CPU.Build.0 = Release|Any CPU
		{7BC1707B-49C4-493F-99AD-64D982142916}.AppStore|Any CPU.Deploy.0 = Release|Any CPU
		{7BC1707B-49C4-493F-99AD-64D982142916}.AppStore|ARM.ActiveCfg = Release|Any CPU
		{7BC1707B-49C4-493F-99AD-64D982142916}.AppStore|ARM.Build.0 = Release|Any CPU
		{7BC1707B-49C4-493F-99AD-64D982142916}.AppStore|ARM.Deploy.0 = Release|Any CPU
		{7BC1707B-49C4-493F-99AD-64D982142916}.AppStore|iPhone.ActiveCfg = Release|Any CPU
		{7BC1707B-49C4-493F-99AD-64D982142916}.AppStore|iPhone.Build.0 = Release|Any CPU
		{7BC1707B-49C4-493F-99AD-64D982142916}.AppStore|iPhone.Deploy.0 = Release|Any CPU
		{7BC1707B-49C4-493F-99AD-64D982142916}.AppStore|iPhoneSimulator.ActiveCfg = Release|Any CPU
		{7BC1707B-49C4-493F-99AD-64D982142916}.AppStore|iPhoneSimulator.Build.0 = Release|Any CPU
		{7BC1707B-49C4-493F-99AD-64D982142916}.AppStore|iPhoneSimulator.Deploy.0 = Release|Any CPU
		{7BC1707B-49C4-493F-99AD-64D982142916}.AppStore|x64.ActiveCfg = Release|Any CPU
		{7BC1707B-49C4-493F-99AD-64D982142916}.AppStore|x64.Build.0 = Release|Any CPU
		{7BC1707B-49C4-493F-99AD-64D982142916}.AppStore|x64.Deploy.0 = Release|Any CPU
		{7BC1707B-49C4-493F-99AD-64D982142916}.AppStore|x86.ActiveCfg = Release|Any CPU
		{7BC1707B-49C4-493F-99AD-64D982142916}.AppStore|x86.Build.0 = Release|Any CPU
		{7BC1707B-49C4-493F-99AD-64D982142916}.AppStore|x86.Deploy.0 = Release|Any CPU
		{7BC1707B-49C4-493F-99AD-64D982142916}.Debug|Any CPU.ActiveCfg = Debug|Any CPU
		{7BC1707B-49C4-493F-99AD-64D982142916}.Debug|Any CPU.Build.0 = Debug|Any CPU
		{7BC1707B-49C4-493F-99AD-64D982142916}.Debug|Any CPU.Deploy.0 = Debug|Any CPU
		{7BC1707B-49C4-493F-99AD-64D982142916}.Debug|ARM.ActiveCfg = Debug|Any CPU
		{7BC1707B-49C4-493F-99AD-64D982142916}.Debug|ARM.Build.0 = Debug|Any CPU
		{7BC1707B-49C4-493F-99AD-64D982142916}.Debug|ARM.Deploy.0 = Debug|Any CPU
		{7BC1707B-49C4-493F-99AD-64D982142916}.Debug|iPhone.ActiveCfg = Debug|Any CPU
		{7BC1707B-49C4-493F-99AD-64D982142916}.Debug|iPhone.Build.0 = Debug|Any CPU
		{7BC1707B-49C4-493F-99AD-64D982142916}.Debug|iPhone.Deploy.0 = Debug|Any CPU
		{7BC1707B-49C4-493F-99AD-64D982142916}.Debug|iPhoneSimulator.ActiveCfg = Debug|Any CPU
		{7BC1707B-49C4-493F-99AD-64D982142916}.Debug|iPhoneSimulator.Build.0 = Debug|Any CPU
		{7BC1707B-49C4-493F-99AD-64D982142916}.Debug|iPhoneSimulator.Deploy.0 = Debug|Any CPU
		{7BC1707B-49C4-493F-99AD-64D982142916}.Debug|x64.ActiveCfg = Debug|Any CPU
		{7BC1707B-49C4-493F-99AD-64D982142916}.Debug|x64.Build.0 = Debug|Any CPU
		{7BC1707B-49C4-493F-99AD-64D982142916}.Debug|x64.Deploy.0 = Debug|Any CPU
		{7BC1707B-49C4-493F-99AD-64D982142916}.Debug|x86.ActiveCfg = Debug|Any CPU
		{7BC1707B-49C4-493F-99AD-64D982142916}.Debug|x86.Build.0 = Debug|Any CPU
		{7BC1707B-49C4-493F-99AD-64D982142916}.Debug|x86.Deploy.0 = Debug|Any CPU
		{7BC1707B-49C4-493F-99AD-64D982142916}.Release|Any CPU.ActiveCfg = Release|Any CPU
		{7BC1707B-49C4-493F-99AD-64D982142916}.Release|Any CPU.Build.0 = Release|Any CPU
		{7BC1707B-49C4-493F-99AD-64D982142916}.Release|Any CPU.Deploy.0 = Release|Any CPU
		{7BC1707B-49C4-493F-99AD-64D982142916}.Release|ARM.ActiveCfg = Release|Any CPU
		{7BC1707B-49C4-493F-99AD-64D982142916}.Release|ARM.Build.0 = Release|Any CPU
		{7BC1707B-49C4-493F-99AD-64D982142916}.Release|ARM.Deploy.0 = Release|Any CPU
		{7BC1707B-49C4-493F-99AD-64D982142916}.Release|iPhone.ActiveCfg = Release|Any CPU
		{7BC1707B-49C4-493F-99AD-64D982142916}.Release|iPhone.Build.0 = Release|Any CPU
		{7BC1707B-49C4-493F-99AD-64D982142916}.Release|iPhone.Deploy.0 = Release|Any CPU
		{7BC1707B-49C4-493F-99AD-64D982142916}.Release|iPhoneSimulator.ActiveCfg = Release|Any CPU
		{7BC1707B-49C4-493F-99AD-64D982142916}.Release|iPhoneSimulator.Build.0 = Release|Any CPU
		{7BC1707B-49C4-493F-99AD-64D982142916}.Release|iPhoneSimulator.Deploy.0 = Release|Any CPU
		{7BC1707B-49C4-493F-99AD-64D982142916}.Release|x64.ActiveCfg = Release|Any CPU
		{7BC1707B-49C4-493F-99AD-64D982142916}.Release|x64.Build.0 = Release|Any CPU
		{7BC1707B-49C4-493F-99AD-64D982142916}.Release|x64.Deploy.0 = Release|Any CPU
		{7BC1707B-49C4-493F-99AD-64D982142916}.Release|x86.ActiveCfg = Release|Any CPU
		{7BC1707B-49C4-493F-99AD-64D982142916}.Release|x86.Build.0 = Release|Any CPU
		{7BC1707B-49C4-493F-99AD-64D982142916}.Release|x86.Deploy.0 = Release|Any CPU
		{03D5E491-A780-47B1-B421-739B1EE79CD6}.Ad-Hoc|Any CPU.ActiveCfg = Ad-Hoc|iPhone
		{03D5E491-A780-47B1-B421-739B1EE79CD6}.Ad-Hoc|ARM.ActiveCfg = Ad-Hoc|iPhone
		{03D5E491-A780-47B1-B421-739B1EE79CD6}.Ad-Hoc|iPhone.ActiveCfg = Ad-Hoc|iPhone
		{03D5E491-A780-47B1-B421-739B1EE79CD6}.Ad-Hoc|iPhone.Build.0 = Ad-Hoc|iPhone
		{03D5E491-A780-47B1-B421-739B1EE79CD6}.Ad-Hoc|iPhoneSimulator.ActiveCfg = Ad-Hoc|iPhoneSimulator
		{03D5E491-A780-47B1-B421-739B1EE79CD6}.Ad-Hoc|iPhoneSimulator.Build.0 = Ad-Hoc|iPhoneSimulator
		{03D5E491-A780-47B1-B421-739B1EE79CD6}.Ad-Hoc|x64.ActiveCfg = Ad-Hoc|iPhone
		{03D5E491-A780-47B1-B421-739B1EE79CD6}.Ad-Hoc|x86.ActiveCfg = Ad-Hoc|iPhone
		{03D5E491-A780-47B1-B421-739B1EE79CD6}.AppStore|Any CPU.ActiveCfg = AppStore|iPhone
		{03D5E491-A780-47B1-B421-739B1EE79CD6}.AppStore|ARM.ActiveCfg = AppStore|iPhone
		{03D5E491-A780-47B1-B421-739B1EE79CD6}.AppStore|iPhone.ActiveCfg = AppStore|iPhone
		{03D5E491-A780-47B1-B421-739B1EE79CD6}.AppStore|iPhone.Build.0 = AppStore|iPhone
		{03D5E491-A780-47B1-B421-739B1EE79CD6}.AppStore|iPhoneSimulator.ActiveCfg = AppStore|iPhoneSimulator
		{03D5E491-A780-47B1-B421-739B1EE79CD6}.AppStore|iPhoneSimulator.Build.0 = AppStore|iPhoneSimulator
		{03D5E491-A780-47B1-B421-739B1EE79CD6}.AppStore|x64.ActiveCfg = AppStore|iPhone
		{03D5E491-A780-47B1-B421-739B1EE79CD6}.AppStore|x86.ActiveCfg = AppStore|iPhone
		{03D5E491-A780-47B1-B421-739B1EE79CD6}.Debug|Any CPU.ActiveCfg = Debug|iPhone
		{03D5E491-A780-47B1-B421-739B1EE79CD6}.Debug|ARM.ActiveCfg = Debug|iPhone
		{03D5E491-A780-47B1-B421-739B1EE79CD6}.Debug|iPhone.ActiveCfg = Debug|iPhone
		{03D5E491-A780-47B1-B421-739B1EE79CD6}.Debug|iPhone.Build.0 = Debug|iPhone
		{03D5E491-A780-47B1-B421-739B1EE79CD6}.Debug|iPhoneSimulator.ActiveCfg = Debug|iPhoneSimulator
		{03D5E491-A780-47B1-B421-739B1EE79CD6}.Debug|iPhoneSimulator.Build.0 = Debug|iPhoneSimulator
		{03D5E491-A780-47B1-B421-739B1EE79CD6}.Debug|x64.ActiveCfg = Debug|iPhone
		{03D5E491-A780-47B1-B421-739B1EE79CD6}.Debug|x86.ActiveCfg = Debug|iPhone
		{03D5E491-A780-47B1-B421-739B1EE79CD6}.Release|Any CPU.ActiveCfg = Release|iPhone
		{03D5E491-A780-47B1-B421-739B1EE79CD6}.Release|ARM.ActiveCfg = Release|iPhone
		{03D5E491-A780-47B1-B421-739B1EE79CD6}.Release|iPhone.ActiveCfg = Release|iPhone
		{03D5E491-A780-47B1-B421-739B1EE79CD6}.Release|iPhone.Build.0 = Release|iPhone
		{03D5E491-A780-47B1-B421-739B1EE79CD6}.Release|iPhoneSimulator.ActiveCfg = Release|iPhoneSimulator
		{03D5E491-A780-47B1-B421-739B1EE79CD6}.Release|iPhoneSimulator.Build.0 = Release|iPhoneSimulator
		{03D5E491-A780-47B1-B421-739B1EE79CD6}.Release|x64.ActiveCfg = Release|iPhone
		{03D5E491-A780-47B1-B421-739B1EE79CD6}.Release|x86.ActiveCfg = Release|iPhone
		{4E84FBD2-FB03-494F-9543-FC1CD5ED0011}.Ad-Hoc|Any CPU.ActiveCfg = Release|Any CPU
		{4E84FBD2-FB03-494F-9543-FC1CD5ED0011}.Ad-Hoc|Any CPU.Build.0 = Release|Any CPU
		{4E84FBD2-FB03-494F-9543-FC1CD5ED0011}.Ad-Hoc|Any CPU.Deploy.0 = Release|Any CPU
		{4E84FBD2-FB03-494F-9543-FC1CD5ED0011}.Ad-Hoc|ARM.ActiveCfg = Release|ARM
		{4E84FBD2-FB03-494F-9543-FC1CD5ED0011}.Ad-Hoc|ARM.Build.0 = Release|ARM
		{4E84FBD2-FB03-494F-9543-FC1CD5ED0011}.Ad-Hoc|ARM.Deploy.0 = Release|ARM
		{4E84FBD2-FB03-494F-9543-FC1CD5ED0011}.Ad-Hoc|iPhone.ActiveCfg = Release|Any CPU
		{4E84FBD2-FB03-494F-9543-FC1CD5ED0011}.Ad-Hoc|iPhone.Build.0 = Release|Any CPU
		{4E84FBD2-FB03-494F-9543-FC1CD5ED0011}.Ad-Hoc|iPhone.Deploy.0 = Release|Any CPU
		{4E84FBD2-FB03-494F-9543-FC1CD5ED0011}.Ad-Hoc|iPhoneSimulator.ActiveCfg = Release|Any CPU
		{4E84FBD2-FB03-494F-9543-FC1CD5ED0011}.Ad-Hoc|iPhoneSimulator.Build.0 = Release|Any CPU
		{4E84FBD2-FB03-494F-9543-FC1CD5ED0011}.Ad-Hoc|iPhoneSimulator.Deploy.0 = Release|Any CPU
		{4E84FBD2-FB03-494F-9543-FC1CD5ED0011}.Ad-Hoc|x64.ActiveCfg = Release|Any CPU
		{4E84FBD2-FB03-494F-9543-FC1CD5ED0011}.Ad-Hoc|x64.Build.0 = Release|Any CPU
		{4E84FBD2-FB03-494F-9543-FC1CD5ED0011}.Ad-Hoc|x64.Deploy.0 = Release|Any CPU
		{4E84FBD2-FB03-494F-9543-FC1CD5ED0011}.Ad-Hoc|x86.ActiveCfg = Release|x86
		{4E84FBD2-FB03-494F-9543-FC1CD5ED0011}.Ad-Hoc|x86.Build.0 = Release|x86
		{4E84FBD2-FB03-494F-9543-FC1CD5ED0011}.Ad-Hoc|x86.Deploy.0 = Release|x86
		{4E84FBD2-FB03-494F-9543-FC1CD5ED0011}.AppStore|Any CPU.ActiveCfg = Release|Any CPU
		{4E84FBD2-FB03-494F-9543-FC1CD5ED0011}.AppStore|Any CPU.Build.0 = Release|Any CPU
		{4E84FBD2-FB03-494F-9543-FC1CD5ED0011}.AppStore|Any CPU.Deploy.0 = Release|Any CPU
		{4E84FBD2-FB03-494F-9543-FC1CD5ED0011}.AppStore|ARM.ActiveCfg = Release|ARM
		{4E84FBD2-FB03-494F-9543-FC1CD5ED0011}.AppStore|ARM.Build.0 = Release|ARM
		{4E84FBD2-FB03-494F-9543-FC1CD5ED0011}.AppStore|ARM.Deploy.0 = Release|ARM
		{4E84FBD2-FB03-494F-9543-FC1CD5ED0011}.AppStore|iPhone.ActiveCfg = Release|Any CPU
		{4E84FBD2-FB03-494F-9543-FC1CD5ED0011}.AppStore|iPhone.Build.0 = Release|Any CPU
		{4E84FBD2-FB03-494F-9543-FC1CD5ED0011}.AppStore|iPhone.Deploy.0 = Release|Any CPU
		{4E84FBD2-FB03-494F-9543-FC1CD5ED0011}.AppStore|iPhoneSimulator.ActiveCfg = Release|Any CPU
		{4E84FBD2-FB03-494F-9543-FC1CD5ED0011}.AppStore|iPhoneSimulator.Build.0 = Release|Any CPU
		{4E84FBD2-FB03-494F-9543-FC1CD5ED0011}.AppStore|iPhoneSimulator.Deploy.0 = Release|Any CPU
		{4E84FBD2-FB03-494F-9543-FC1CD5ED0011}.AppStore|x64.ActiveCfg = Release|Any CPU
		{4E84FBD2-FB03-494F-9543-FC1CD5ED0011}.AppStore|x64.Build.0 = Release|Any CPU
		{4E84FBD2-FB03-494F-9543-FC1CD5ED0011}.AppStore|x64.Deploy.0 = Release|Any CPU
		{4E84FBD2-FB03-494F-9543-FC1CD5ED0011}.AppStore|x86.ActiveCfg = Release|x86
		{4E84FBD2-FB03-494F-9543-FC1CD5ED0011}.AppStore|x86.Build.0 = Release|x86
		{4E84FBD2-FB03-494F-9543-FC1CD5ED0011}.AppStore|x86.Deploy.0 = Release|x86
		{4E84FBD2-FB03-494F-9543-FC1CD5ED0011}.Debug|Any CPU.ActiveCfg = Debug|Any CPU
		{4E84FBD2-FB03-494F-9543-FC1CD5ED0011}.Debug|Any CPU.Build.0 = Debug|Any CPU
		{4E84FBD2-FB03-494F-9543-FC1CD5ED0011}.Debug|Any CPU.Deploy.0 = Debug|Any CPU
		{4E84FBD2-FB03-494F-9543-FC1CD5ED0011}.Debug|ARM.ActiveCfg = Debug|ARM
		{4E84FBD2-FB03-494F-9543-FC1CD5ED0011}.Debug|ARM.Build.0 = Debug|ARM
		{4E84FBD2-FB03-494F-9543-FC1CD5ED0011}.Debug|ARM.Deploy.0 = Debug|ARM
		{4E84FBD2-FB03-494F-9543-FC1CD5ED0011}.Debug|iPhone.ActiveCfg = Debug|Any CPU
		{4E84FBD2-FB03-494F-9543-FC1CD5ED0011}.Debug|iPhone.Build.0 = Debug|Any CPU
		{4E84FBD2-FB03-494F-9543-FC1CD5ED0011}.Debug|iPhone.Deploy.0 = Debug|Any CPU
		{4E84FBD2-FB03-494F-9543-FC1CD5ED0011}.Debug|iPhoneSimulator.ActiveCfg = Debug|Any CPU
		{4E84FBD2-FB03-494F-9543-FC1CD5ED0011}.Debug|iPhoneSimulator.Build.0 = Debug|Any CPU
		{4E84FBD2-FB03-494F-9543-FC1CD5ED0011}.Debug|iPhoneSimulator.Deploy.0 = Debug|Any CPU
		{4E84FBD2-FB03-494F-9543-FC1CD5ED0011}.Debug|x64.ActiveCfg = Debug|Any CPU
		{4E84FBD2-FB03-494F-9543-FC1CD5ED0011}.Debug|x64.Build.0 = Debug|Any CPU
		{4E84FBD2-FB03-494F-9543-FC1CD5ED0011}.Debug|x64.Deploy.0 = Debug|Any CPU
		{4E84FBD2-FB03-494F-9543-FC1CD5ED0011}.Debug|x86.ActiveCfg = Debug|x86
		{4E84FBD2-FB03-494F-9543-FC1CD5ED0011}.Debug|x86.Build.0 = Debug|x86
		{4E84FBD2-FB03-494F-9543-FC1CD5ED0011}.Debug|x86.Deploy.0 = Debug|x86
		{4E84FBD2-FB03-494F-9543-FC1CD5ED0011}.Release|Any CPU.ActiveCfg = Release|Any CPU
		{4E84FBD2-FB03-494F-9543-FC1CD5ED0011}.Release|Any CPU.Build.0 = Release|Any CPU
		{4E84FBD2-FB03-494F-9543-FC1CD5ED0011}.Release|Any CPU.Deploy.0 = Release|Any CPU
		{4E84FBD2-FB03-494F-9543-FC1CD5ED0011}.Release|ARM.ActiveCfg = Release|ARM
		{4E84FBD2-FB03-494F-9543-FC1CD5ED0011}.Release|ARM.Build.0 = Release|ARM
		{4E84FBD2-FB03-494F-9543-FC1CD5ED0011}.Release|ARM.Deploy.0 = Release|ARM
		{4E84FBD2-FB03-494F-9543-FC1CD5ED0011}.Release|iPhone.ActiveCfg = Release|Any CPU
		{4E84FBD2-FB03-494F-9543-FC1CD5ED0011}.Release|iPhone.Build.0 = Release|Any CPU
		{4E84FBD2-FB03-494F-9543-FC1CD5ED0011}.Release|iPhone.Deploy.0 = Release|Any CPU
		{4E84FBD2-FB03-494F-9543-FC1CD5ED0011}.Release|iPhoneSimulator.ActiveCfg = Release|Any CPU
		{4E84FBD2-FB03-494F-9543-FC1CD5ED0011}.Release|iPhoneSimulator.Build.0 = Release|Any CPU
		{4E84FBD2-FB03-494F-9543-FC1CD5ED0011}.Release|iPhoneSimulator.Deploy.0 = Release|Any CPU
		{4E84FBD2-FB03-494F-9543-FC1CD5ED0011}.Release|x64.ActiveCfg = Release|Any CPU
		{4E84FBD2-FB03-494F-9543-FC1CD5ED0011}.Release|x64.Build.0 = Release|Any CPU
		{4E84FBD2-FB03-494F-9543-FC1CD5ED0011}.Release|x64.Deploy.0 = Release|Any CPU
		{4E84FBD2-FB03-494F-9543-FC1CD5ED0011}.Release|x86.ActiveCfg = Release|x86
		{4E84FBD2-FB03-494F-9543-FC1CD5ED0011}.Release|x86.Build.0 = Release|x86
		{4E84FBD2-FB03-494F-9543-FC1CD5ED0011}.Release|x86.Deploy.0 = Release|x86
		{B7C01BD5-A729-486E-8769-0FDD753151D8}.Ad-Hoc|Any CPU.ActiveCfg = Release|x86
		{B7C01BD5-A729-486E-8769-0FDD753151D8}.Ad-Hoc|Any CPU.Build.0 = Release|x86
		{B7C01BD5-A729-486E-8769-0FDD753151D8}.Ad-Hoc|Any CPU.Deploy.0 = Release|x86
		{B7C01BD5-A729-486E-8769-0FDD753151D8}.Ad-Hoc|ARM.ActiveCfg = Release|ARM
		{B7C01BD5-A729-486E-8769-0FDD753151D8}.Ad-Hoc|ARM.Build.0 = Release|ARM
		{B7C01BD5-A729-486E-8769-0FDD753151D8}.Ad-Hoc|ARM.Deploy.0 = Release|ARM
		{B7C01BD5-A729-486E-8769-0FDD753151D8}.Ad-Hoc|iPhone.ActiveCfg = Release|x86
		{B7C01BD5-A729-486E-8769-0FDD753151D8}.Ad-Hoc|iPhone.Build.0 = Release|x86
		{B7C01BD5-A729-486E-8769-0FDD753151D8}.Ad-Hoc|iPhone.Deploy.0 = Release|x86
		{B7C01BD5-A729-486E-8769-0FDD753151D8}.Ad-Hoc|iPhoneSimulator.ActiveCfg = Release|x86
		{B7C01BD5-A729-486E-8769-0FDD753151D8}.Ad-Hoc|iPhoneSimulator.Build.0 = Release|x86
		{B7C01BD5-A729-486E-8769-0FDD753151D8}.Ad-Hoc|iPhoneSimulator.Deploy.0 = Release|x86
		{B7C01BD5-A729-486E-8769-0FDD753151D8}.Ad-Hoc|x64.ActiveCfg = Release|x64
		{B7C01BD5-A729-486E-8769-0FDD753151D8}.Ad-Hoc|x64.Build.0 = Release|x64
		{B7C01BD5-A729-486E-8769-0FDD753151D8}.Ad-Hoc|x64.Deploy.0 = Release|x64
		{B7C01BD5-A729-486E-8769-0FDD753151D8}.Ad-Hoc|x86.ActiveCfg = Release|x86
		{B7C01BD5-A729-486E-8769-0FDD753151D8}.Ad-Hoc|x86.Build.0 = Release|x86
		{B7C01BD5-A729-486E-8769-0FDD753151D8}.Ad-Hoc|x86.Deploy.0 = Release|x86
		{B7C01BD5-A729-486E-8769-0FDD753151D8}.AppStore|Any CPU.ActiveCfg = Release|x86
		{B7C01BD5-A729-486E-8769-0FDD753151D8}.AppStore|Any CPU.Build.0 = Release|x86
		{B7C01BD5-A729-486E-8769-0FDD753151D8}.AppStore|Any CPU.Deploy.0 = Release|x86
		{B7C01BD5-A729-486E-8769-0FDD753151D8}.AppStore|ARM.ActiveCfg = Release|ARM
		{B7C01BD5-A729-486E-8769-0FDD753151D8}.AppStore|ARM.Build.0 = Release|ARM
		{B7C01BD5-A729-486E-8769-0FDD753151D8}.AppStore|ARM.Deploy.0 = Release|ARM
		{B7C01BD5-A729-486E-8769-0FDD753151D8}.AppStore|iPhone.ActiveCfg = Release|x86
		{B7C01BD5-A729-486E-8769-0FDD753151D8}.AppStore|iPhone.Build.0 = Release|x86
		{B7C01BD5-A729-486E-8769-0FDD753151D8}.AppStore|iPhone.Deploy.0 = Release|x86
		{B7C01BD5-A729-486E-8769-0FDD753151D8}.AppStore|iPhoneSimulator.ActiveCfg = Release|x86
		{B7C01BD5-A729-486E-8769-0FDD753151D8}.AppStore|iPhoneSimulator.Build.0 = Release|x86
		{B7C01BD5-A729-486E-8769-0FDD753151D8}.AppStore|iPhoneSimulator.Deploy.0 = Release|x86
		{B7C01BD5-A729-486E-8769-0FDD753151D8}.AppStore|x64.ActiveCfg = Release|x64
		{B7C01BD5-A729-486E-8769-0FDD753151D8}.AppStore|x64.Build.0 = Release|x64
		{B7C01BD5-A729-486E-8769-0FDD753151D8}.AppStore|x64.Deploy.0 = Release|x64
		{B7C01BD5-A729-486E-8769-0FDD753151D8}.AppStore|x86.ActiveCfg = Release|x86
		{B7C01BD5-A729-486E-8769-0FDD753151D8}.AppStore|x86.Build.0 = Release|x86
		{B7C01BD5-A729-486E-8769-0FDD753151D8}.AppStore|x86.Deploy.0 = Release|x86
		{B7C01BD5-A729-486E-8769-0FDD753151D8}.Debug|Any CPU.ActiveCfg = Debug|x86
		{B7C01BD5-A729-486E-8769-0FDD753151D8}.Debug|ARM.ActiveCfg = Debug|ARM
		{B7C01BD5-A729-486E-8769-0FDD753151D8}.Debug|ARM.Build.0 = Debug|ARM
		{B7C01BD5-A729-486E-8769-0FDD753151D8}.Debug|ARM.Deploy.0 = Debug|ARM
		{B7C01BD5-A729-486E-8769-0FDD753151D8}.Debug|iPhone.ActiveCfg = Debug|x86
		{B7C01BD5-A729-486E-8769-0FDD753151D8}.Debug|iPhoneSimulator.ActiveCfg = Debug|x86
		{B7C01BD5-A729-486E-8769-0FDD753151D8}.Debug|x64.ActiveCfg = Debug|x64
		{B7C01BD5-A729-486E-8769-0FDD753151D8}.Debug|x64.Build.0 = Debug|x64
		{B7C01BD5-A729-486E-8769-0FDD753151D8}.Debug|x64.Deploy.0 = Debug|x64
		{B7C01BD5-A729-486E-8769-0FDD753151D8}.Debug|x86.ActiveCfg = Debug|x86
		{B7C01BD5-A729-486E-8769-0FDD753151D8}.Debug|x86.Build.0 = Debug|x86
		{B7C01BD5-A729-486E-8769-0FDD753151D8}.Debug|x86.Deploy.0 = Debug|x86
		{B7C01BD5-A729-486E-8769-0FDD753151D8}.Release|Any CPU.ActiveCfg = Release|x86
		{B7C01BD5-A729-486E-8769-0FDD753151D8}.Release|ARM.ActiveCfg = Release|ARM
		{B7C01BD5-A729-486E-8769-0FDD753151D8}.Release|ARM.Build.0 = Release|ARM
		{B7C01BD5-A729-486E-8769-0FDD753151D8}.Release|ARM.Deploy.0 = Release|ARM
		{B7C01BD5-A729-486E-8769-0FDD753151D8}.Release|iPhone.ActiveCfg = Release|x86
		{B7C01BD5-A729-486E-8769-0FDD753151D8}.Release|iPhoneSimulator.ActiveCfg = Release|x86
		{B7C01BD5-A729-486E-8769-0FDD753151D8}.Release|x64.ActiveCfg = Release|x64
		{B7C01BD5-A729-486E-8769-0FDD753151D8}.Release|x64.Build.0 = Release|x64
		{B7C01BD5-A729-486E-8769-0FDD753151D8}.Release|x64.Deploy.0 = Release|x64
		{B7C01BD5-A729-486E-8769-0FDD753151D8}.Release|x86.ActiveCfg = Release|x86
		{B7C01BD5-A729-486E-8769-0FDD753151D8}.Release|x86.Build.0 = Release|x86
		{B7C01BD5-A729-486E-8769-0FDD753151D8}.Release|x86.Deploy.0 = Release|x86
		{8135964F-E059-4CA2-84B6-857ADD4D0CB8}.Ad-Hoc|Any CPU.ActiveCfg = Release|Any CPU
		{8135964F-E059-4CA2-84B6-857ADD4D0CB8}.Ad-Hoc|Any CPU.Build.0 = Release|Any CPU
		{8135964F-E059-4CA2-84B6-857ADD4D0CB8}.Ad-Hoc|Any CPU.Deploy.0 = Release|Any CPU
		{8135964F-E059-4CA2-84B6-857ADD4D0CB8}.Ad-Hoc|ARM.ActiveCfg = Release|ARM
		{8135964F-E059-4CA2-84B6-857ADD4D0CB8}.Ad-Hoc|ARM.Build.0 = Release|ARM
		{8135964F-E059-4CA2-84B6-857ADD4D0CB8}.Ad-Hoc|ARM.Deploy.0 = Release|ARM
		{8135964F-E059-4CA2-84B6-857ADD4D0CB8}.Ad-Hoc|iPhone.ActiveCfg = Release|Any CPU
		{8135964F-E059-4CA2-84B6-857ADD4D0CB8}.Ad-Hoc|iPhone.Build.0 = Release|Any CPU
		{8135964F-E059-4CA2-84B6-857ADD4D0CB8}.Ad-Hoc|iPhone.Deploy.0 = Release|Any CPU
		{8135964F-E059-4CA2-84B6-857ADD4D0CB8}.Ad-Hoc|iPhoneSimulator.ActiveCfg = Release|Any CPU
		{8135964F-E059-4CA2-84B6-857ADD4D0CB8}.Ad-Hoc|iPhoneSimulator.Build.0 = Release|Any CPU
		{8135964F-E059-4CA2-84B6-857ADD4D0CB8}.Ad-Hoc|iPhoneSimulator.Deploy.0 = Release|Any CPU
		{8135964F-E059-4CA2-84B6-857ADD4D0CB8}.Ad-Hoc|x64.ActiveCfg = Release|x64
		{8135964F-E059-4CA2-84B6-857ADD4D0CB8}.Ad-Hoc|x64.Build.0 = Release|x64
		{8135964F-E059-4CA2-84B6-857ADD4D0CB8}.Ad-Hoc|x64.Deploy.0 = Release|x64
		{8135964F-E059-4CA2-84B6-857ADD4D0CB8}.Ad-Hoc|x86.ActiveCfg = Release|x86
		{8135964F-E059-4CA2-84B6-857ADD4D0CB8}.Ad-Hoc|x86.Build.0 = Release|x86
		{8135964F-E059-4CA2-84B6-857ADD4D0CB8}.Ad-Hoc|x86.Deploy.0 = Release|x86
		{8135964F-E059-4CA2-84B6-857ADD4D0CB8}.AppStore|Any CPU.ActiveCfg = Release|Any CPU
		{8135964F-E059-4CA2-84B6-857ADD4D0CB8}.AppStore|Any CPU.Build.0 = Release|Any CPU
		{8135964F-E059-4CA2-84B6-857ADD4D0CB8}.AppStore|Any CPU.Deploy.0 = Release|Any CPU
		{8135964F-E059-4CA2-84B6-857ADD4D0CB8}.AppStore|ARM.ActiveCfg = Release|ARM
		{8135964F-E059-4CA2-84B6-857ADD4D0CB8}.AppStore|ARM.Build.0 = Release|ARM
		{8135964F-E059-4CA2-84B6-857ADD4D0CB8}.AppStore|ARM.Deploy.0 = Release|ARM
		{8135964F-E059-4CA2-84B6-857ADD4D0CB8}.AppStore|iPhone.ActiveCfg = Release|Any CPU
		{8135964F-E059-4CA2-84B6-857ADD4D0CB8}.AppStore|iPhone.Build.0 = Release|Any CPU
		{8135964F-E059-4CA2-84B6-857ADD4D0CB8}.AppStore|iPhone.Deploy.0 = Release|Any CPU
		{8135964F-E059-4CA2-84B6-857ADD4D0CB8}.AppStore|iPhoneSimulator.ActiveCfg = Release|Any CPU
		{8135964F-E059-4CA2-84B6-857ADD4D0CB8}.AppStore|iPhoneSimulator.Build.0 = Release|Any CPU
		{8135964F-E059-4CA2-84B6-857ADD4D0CB8}.AppStore|iPhoneSimulator.Deploy.0 = Release|Any CPU
		{8135964F-E059-4CA2-84B6-857ADD4D0CB8}.AppStore|x64.ActiveCfg = Release|x64
		{8135964F-E059-4CA2-84B6-857ADD4D0CB8}.AppStore|x64.Build.0 = Release|x64
		{8135964F-E059-4CA2-84B6-857ADD4D0CB8}.AppStore|x64.Deploy.0 = Release|x64
		{8135964F-E059-4CA2-84B6-857ADD4D0CB8}.AppStore|x86.ActiveCfg = Release|x86
		{8135964F-E059-4CA2-84B6-857ADD4D0CB8}.AppStore|x86.Build.0 = Release|x86
		{8135964F-E059-4CA2-84B6-857ADD4D0CB8}.AppStore|x86.Deploy.0 = Release|x86
		{8135964F-E059-4CA2-84B6-857ADD4D0CB8}.Debug|Any CPU.ActiveCfg = Debug|Any CPU
		{8135964F-E059-4CA2-84B6-857ADD4D0CB8}.Debug|Any CPU.Build.0 = Debug|Any CPU
		{8135964F-E059-4CA2-84B6-857ADD4D0CB8}.Debug|Any CPU.Deploy.0 = Debug|Any CPU
		{8135964F-E059-4CA2-84B6-857ADD4D0CB8}.Debug|ARM.ActiveCfg = Debug|ARM
		{8135964F-E059-4CA2-84B6-857ADD4D0CB8}.Debug|ARM.Build.0 = Debug|ARM
		{8135964F-E059-4CA2-84B6-857ADD4D0CB8}.Debug|ARM.Deploy.0 = Debug|ARM
		{8135964F-E059-4CA2-84B6-857ADD4D0CB8}.Debug|iPhone.ActiveCfg = Debug|Any CPU
		{8135964F-E059-4CA2-84B6-857ADD4D0CB8}.Debug|iPhone.Build.0 = Debug|Any CPU
		{8135964F-E059-4CA2-84B6-857ADD4D0CB8}.Debug|iPhone.Deploy.0 = Debug|Any CPU
		{8135964F-E059-4CA2-84B6-857ADD4D0CB8}.Debug|iPhoneSimulator.ActiveCfg = Debug|Any CPU
		{8135964F-E059-4CA2-84B6-857ADD4D0CB8}.Debug|iPhoneSimulator.Build.0 = Debug|Any CPU
		{8135964F-E059-4CA2-84B6-857ADD4D0CB8}.Debug|iPhoneSimulator.Deploy.0 = Debug|Any CPU
		{8135964F-E059-4CA2-84B6-857ADD4D0CB8}.Debug|x64.ActiveCfg = Debug|x64
		{8135964F-E059-4CA2-84B6-857ADD4D0CB8}.Debug|x64.Build.0 = Debug|x64
		{8135964F-E059-4CA2-84B6-857ADD4D0CB8}.Debug|x64.Deploy.0 = Debug|x64
		{8135964F-E059-4CA2-84B6-857ADD4D0CB8}.Debug|x86.ActiveCfg = Debug|x86
		{8135964F-E059-4CA2-84B6-857ADD4D0CB8}.Debug|x86.Build.0 = Debug|x86
		{8135964F-E059-4CA2-84B6-857ADD4D0CB8}.Debug|x86.Deploy.0 = Debug|x86
		{8135964F-E059-4CA2-84B6-857ADD4D0CB8}.Release|Any CPU.ActiveCfg = Release|Any CPU
		{8135964F-E059-4CA2-84B6-857ADD4D0CB8}.Release|Any CPU.Build.0 = Release|Any CPU
		{8135964F-E059-4CA2-84B6-857ADD4D0CB8}.Release|Any CPU.Deploy.0 = Release|Any CPU
		{8135964F-E059-4CA2-84B6-857ADD4D0CB8}.Release|ARM.ActiveCfg = Release|ARM
		{8135964F-E059-4CA2-84B6-857ADD4D0CB8}.Release|ARM.Build.0 = Release|ARM
		{8135964F-E059-4CA2-84B6-857ADD4D0CB8}.Release|ARM.Deploy.0 = Release|ARM
		{8135964F-E059-4CA2-84B6-857ADD4D0CB8}.Release|iPhone.ActiveCfg = Release|Any CPU
		{8135964F-E059-4CA2-84B6-857ADD4D0CB8}.Release|iPhone.Build.0 = Release|Any CPU
		{8135964F-E059-4CA2-84B6-857ADD4D0CB8}.Release|iPhone.Deploy.0 = Release|Any CPU
		{8135964F-E059-4CA2-84B6-857ADD4D0CB8}.Release|iPhoneSimulator.ActiveCfg = Release|Any CPU
		{8135964F-E059-4CA2-84B6-857ADD4D0CB8}.Release|iPhoneSimulator.Build.0 = Release|Any CPU
		{8135964F-E059-4CA2-84B6-857ADD4D0CB8}.Release|iPhoneSimulator.Deploy.0 = Release|Any CPU
		{8135964F-E059-4CA2-84B6-857ADD4D0CB8}.Release|x64.ActiveCfg = Release|x64
		{8135964F-E059-4CA2-84B6-857ADD4D0CB8}.Release|x64.Build.0 = Release|x64
		{8135964F-E059-4CA2-84B6-857ADD4D0CB8}.Release|x64.Deploy.0 = Release|x64
		{8135964F-E059-4CA2-84B6-857ADD4D0CB8}.Release|x86.ActiveCfg = Release|x86
		{8135964F-E059-4CA2-84B6-857ADD4D0CB8}.Release|x86.Build.0 = Release|x86
		{8135964F-E059-4CA2-84B6-857ADD4D0CB8}.Release|x86.Deploy.0 = Release|x86
		{F425BA76-1DB3-4820-B0BE-4FFF34B6E5E0}.Ad-Hoc|Any CPU.ActiveCfg = Release|Any CPU
		{F425BA76-1DB3-4820-B0BE-4FFF34B6E5E0}.Ad-Hoc|Any CPU.Build.0 = Release|Any CPU
		{F425BA76-1DB3-4820-B0BE-4FFF34B6E5E0}.Ad-Hoc|ARM.ActiveCfg = Release|Any CPU
		{F425BA76-1DB3-4820-B0BE-4FFF34B6E5E0}.Ad-Hoc|ARM.Build.0 = Release|Any CPU
		{F425BA76-1DB3-4820-B0BE-4FFF34B6E5E0}.Ad-Hoc|iPhone.ActiveCfg = Release|Any CPU
		{F425BA76-1DB3-4820-B0BE-4FFF34B6E5E0}.Ad-Hoc|iPhone.Build.0 = Release|Any CPU
		{F425BA76-1DB3-4820-B0BE-4FFF34B6E5E0}.Ad-Hoc|iPhoneSimulator.ActiveCfg = Release|Any CPU
		{F425BA76-1DB3-4820-B0BE-4FFF34B6E5E0}.Ad-Hoc|iPhoneSimulator.Build.0 = Release|Any CPU
		{F425BA76-1DB3-4820-B0BE-4FFF34B6E5E0}.Ad-Hoc|x64.ActiveCfg = Release|Any CPU
		{F425BA76-1DB3-4820-B0BE-4FFF34B6E5E0}.Ad-Hoc|x64.Build.0 = Release|Any CPU
		{F425BA76-1DB3-4820-B0BE-4FFF34B6E5E0}.Ad-Hoc|x86.ActiveCfg = Release|Any CPU
		{F425BA76-1DB3-4820-B0BE-4FFF34B6E5E0}.Ad-Hoc|x86.Build.0 = Release|Any CPU
		{F425BA76-1DB3-4820-B0BE-4FFF34B6E5E0}.AppStore|Any CPU.ActiveCfg = Release|Any CPU
		{F425BA76-1DB3-4820-B0BE-4FFF34B6E5E0}.AppStore|Any CPU.Build.0 = Release|Any CPU
		{F425BA76-1DB3-4820-B0BE-4FFF34B6E5E0}.AppStore|ARM.ActiveCfg = Release|Any CPU
		{F425BA76-1DB3-4820-B0BE-4FFF34B6E5E0}.AppStore|ARM.Build.0 = Release|Any CPU
		{F425BA76-1DB3-4820-B0BE-4FFF34B6E5E0}.AppStore|iPhone.ActiveCfg = Release|Any CPU
		{F425BA76-1DB3-4820-B0BE-4FFF34B6E5E0}.AppStore|iPhone.Build.0 = Release|Any CPU
		{F425BA76-1DB3-4820-B0BE-4FFF34B6E5E0}.AppStore|iPhoneSimulator.ActiveCfg = Release|Any CPU
		{F425BA76-1DB3-4820-B0BE-4FFF34B6E5E0}.AppStore|iPhoneSimulator.Build.0 = Release|Any CPU
		{F425BA76-1DB3-4820-B0BE-4FFF34B6E5E0}.AppStore|x64.ActiveCfg = Release|Any CPU
		{F425BA76-1DB3-4820-B0BE-4FFF34B6E5E0}.AppStore|x64.Build.0 = Release|Any CPU
		{F425BA76-1DB3-4820-B0BE-4FFF34B6E5E0}.AppStore|x86.ActiveCfg = Release|Any CPU
		{F425BA76-1DB3-4820-B0BE-4FFF34B6E5E0}.AppStore|x86.Build.0 = Release|Any CPU
		{F425BA76-1DB3-4820-B0BE-4FFF34B6E5E0}.Debug|Any CPU.ActiveCfg = Debug|Any CPU
		{F425BA76-1DB3-4820-B0BE-4FFF34B6E5E0}.Debug|Any CPU.Build.0 = Debug|Any CPU
		{F425BA76-1DB3-4820-B0BE-4FFF34B6E5E0}.Debug|ARM.ActiveCfg = Debug|Any CPU
		{F425BA76-1DB3-4820-B0BE-4FFF34B6E5E0}.Debug|ARM.Build.0 = Debug|Any CPU
		{F425BA76-1DB3-4820-B0BE-4FFF34B6E5E0}.Debug|iPhone.ActiveCfg = Debug|Any CPU
		{F425BA76-1DB3-4820-B0BE-4FFF34B6E5E0}.Debug|iPhone.Build.0 = Debug|Any CPU
		{F425BA76-1DB3-4820-B0BE-4FFF34B6E5E0}.Debug|iPhoneSimulator.ActiveCfg = Debug|Any CPU
		{F425BA76-1DB3-4820-B0BE-4FFF34B6E5E0}.Debug|iPhoneSimulator.Build.0 = Debug|Any CPU
		{F425BA76-1DB3-4820-B0BE-4FFF34B6E5E0}.Debug|x64.ActiveCfg = Debug|Any CPU
		{F425BA76-1DB3-4820-B0BE-4FFF34B6E5E0}.Debug|x64.Build.0 = Debug|Any CPU
		{F425BA76-1DB3-4820-B0BE-4FFF34B6E5E0}.Debug|x86.ActiveCfg = Debug|Any CPU
		{F425BA76-1DB3-4820-B0BE-4FFF34B6E5E0}.Debug|x86.Build.0 = Debug|Any CPU
		{F425BA76-1DB3-4820-B0BE-4FFF34B6E5E0}.Release|Any CPU.ActiveCfg = Release|Any CPU
		{F425BA76-1DB3-4820-B0BE-4FFF34B6E5E0}.Release|Any CPU.Build.0 = Release|Any CPU
		{F425BA76-1DB3-4820-B0BE-4FFF34B6E5E0}.Release|ARM.ActiveCfg = Release|Any CPU
		{F425BA76-1DB3-4820-B0BE-4FFF34B6E5E0}.Release|ARM.Build.0 = Release|Any CPU
		{F425BA76-1DB3-4820-B0BE-4FFF34B6E5E0}.Release|iPhone.ActiveCfg = Release|Any CPU
		{F425BA76-1DB3-4820-B0BE-4FFF34B6E5E0}.Release|iPhone.Build.0 = Release|Any CPU
		{F425BA76-1DB3-4820-B0BE-4FFF34B6E5E0}.Release|iPhoneSimulator.ActiveCfg = Release|Any CPU
		{F425BA76-1DB3-4820-B0BE-4FFF34B6E5E0}.Release|iPhoneSimulator.Build.0 = Release|Any CPU
		{F425BA76-1DB3-4820-B0BE-4FFF34B6E5E0}.Release|x64.ActiveCfg = Release|Any CPU
		{F425BA76-1DB3-4820-B0BE-4FFF34B6E5E0}.Release|x64.Build.0 = Release|Any CPU
		{F425BA76-1DB3-4820-B0BE-4FFF34B6E5E0}.Release|x86.ActiveCfg = Release|Any CPU
		{F425BA76-1DB3-4820-B0BE-4FFF34B6E5E0}.Release|x86.Build.0 = Release|Any CPU
	EndGlobalSection
	GlobalSection(SolutionProperties) = preSolution
		HideSolutionNode = FALSE
	EndGlobalSection
EndGlobal
